
Microsoft Visual Studio Solution File, Format Version 12.00
# Visual Studio Version 17
VisualStudioVersion = 17.5.33627.172
MinimumVisualStudioVersion = 10.0.40219.1
Project("{8BC9CEB8-8B4A-11D0-8D11-00A0C91BC942}") = "InstancedVsMultiDrawRendering", "InstancedVsMultiDrawRendering\InstancedVsMultiDrawRendering.vcxproj", "{112F2B22-04F0-466D-9901-364CC48D5EC9}"
EndProject
Global
	GlobalSection(SolutionConfigurationPlatforms) = preSolution
		Debug|x64 = Debug|x64
		Release|x64 = Release|x64
	EndGlobalSection
	GlobalSection(ProjectConfigurationPlatforms) = postSolution
		{112F2B22-04F0-466D-9901-364CC48D5EC9}.Debug|x64.ActiveCfg = Debug|x64
		{112F2B22-04F0-466D-9901-364CC48D5EC9}.Debug|x64.Build.0 = Debug|x64
		{112F2B22-04F0-466D-9901-364CC48D5EC9}.Release|x64.ActiveCfg = Release|x64
		{112F2B22-04F0-466D-9901-364CC48D5EC9}.Release|x64.Build.0 = Release|x64
	EndGlobalSection
	GlobalSection(SolutionProperties) = preSolution
		HideSolutionNode = FALSE
	EndGlobalSection
	GlobalSection(ExtensibilityGlobals) = postSolution
		SolutionGuid = {E764C536-72A7-4E38-BB8C-238898BE6DE4}
	EndGlobalSection
EndGlobal
